
Microsoft Visual Studio Solution File, Format Version 12.00
# Visual Studio Version 17
VisualStudioVersion = 17.5.002.0
MinimumVisualStudioVersion = 10.0.40219.1
Project("{9A19103F-16F7-4668-BE54-9A1E7A4F7556}") = "Api", "src\Api\Api.csproj", "{FB2AB25F-1DBF-4458-9A70-7B20A829A435}"
EndProject
Project("{2150E333-8FDC-42A3-9474-1A3956D46DE8}") = "src", "src", "{1BEE7F0D-DA20-40AE-A0E4-EF7FF3A001A9}"
EndProject
Global
	GlobalSection(SolutionConfigurationPlatforms) = preSolution
		Debug|Any CPU = Debug|Any CPU
		Release|Any CPU = Release|Any CPU
	EndGlobalSection
	GlobalSection(ProjectConfigurationPlatforms) = postSolution
		{FB2AB25F-1DBF-4458-9A70-7B20A829A435}.Debug|Any CPU.ActiveCfg = Debug|Any CPU
		{FB2AB25F-1DBF-4458-9A70-7B20A829A435}.Debug|Any CPU.Build.0 = Debug|Any CPU
		{FB2AB25F-1DBF-4458-9A70-7B20A829A435}.Release|Any CPU.ActiveCfg = Release|Any CPU
		{FB2AB25F-1DBF-4458-9A70-7B20A829A435}.Release|Any CPU.Build.0 = Release|Any CPU
	EndGlobalSection
	GlobalSection(SolutionProperties) = preSolution
		HideSolutionNode = FALSE
	EndGlobalSection
	GlobalSection(NestedProjects) = preSolution
		{FB2AB25F-1DBF-4458-9A70-7B20A829A435} = {1BEE7F0D-DA20-40AE-A0E4-EF7FF3A001A9}
	EndGlobalSection
	GlobalSection(ExtensibilityGlobals) = postSolution
		SolutionGuid = {64689078-3485-4D9A-8298-678C3DA7EB99}
	EndGlobalSection
EndGlobal
